
Microsoft Visual Studio Solution File, Format Version 12.00
# Visual Studio Version 16
VisualStudioVersion = 16.0.31515.178
MinimumVisualStudioVersion = 10.0.40219.1
Project("{9A19103F-16F7-4668-BE54-9A1E7A4F7556}") = "AlgorithmTest", "AlgorithmTest\AlgorithmTest.csproj", "{EDC4FA0A-6038-4BDF-9F2E-986F22D79EBB}"
EndProject
Project("{9A19103F-16F7-4668-BE54-9A1E7A4F7556}") = "AlgorithmTest2", "AlgorithmTest2\AlgorithmTest2.csproj", "{A3A7001F-2037-4491-8C4D-1CF6281EFA5E}"
EndProject
Project("{9A19103F-16F7-4668-BE54-9A1E7A4F7556}") = "AlgorithmTest3", "AlgorithmTest3\AlgorithmTest3.csproj", "{5F4CB44A-9718-4919-9F80-81D491F15771}"
EndProject
Project("{9A19103F-16F7-4668-BE54-9A1E7A4F7556}") = "AlgorithmTest4", "AlgorithmTest4\AlgorithmTest4.csproj", "{29DF6A3E-E0D5-43C1-9798-E80B92D40CDF}"
EndProject
Project("{9A19103F-16F7-4668-BE54-9A1E7A4F7556}") = "AlgorithmTest5", "AlgorithmTest5\AlgorithmTest5.csproj", "{1A79B5BC-225A-456C-9178-DF23E59A96F2}"
EndProject
Project("{9A19103F-16F7-4668-BE54-9A1E7A4F7556}") = "AlgorithmTest6", "AlgorithmTest6\AlgorithmTest6.csproj", "{0F1E1BF4-AAA3-4E73-957E-BB8365F04DA1}"
EndProject
Project("{9A19103F-16F7-4668-BE54-9A1E7A4F7556}") = "AlgorithmTest7", "AlgorithmTest7\AlgorithmTest7.csproj", "{D543926C-96EA-4350-9889-BA9CB1A3FA6D}"
EndProject
Project("{9A19103F-16F7-4668-BE54-9A1E7A4F7556}") = "AlgorithmTest8", "AlgorithmTest8\AlgorithmTest8.csproj", "{FF0015B1-595A-4B2A-9FB5-426C031603A0}"
EndProject
Project("{9A19103F-16F7-4668-BE54-9A1E7A4F7556}") = "AlgorithmTest9", "AlgorithmTest9\AlgorithmTest9.csproj", "{E5B010C9-787B-4E60-93A6-0A2426989938}"
EndProject
Project("{FAE04EC0-301F-11D3-BF4B-00C04F79EFBC}") = "AlgorithmTest10", "AlgorithmTest10\AlgorithmTest10.csproj", "{CCE29838-15B5-4238-BCC0-92115EFDB301}"
EndProject
Project("{FAE04EC0-301F-11D3-BF4B-00C04F79EFBC}") = "AlgorithmTest11", "AlgorithmTest11\AlgorithmTest11.csproj", "{10DFEA43-66D0-416A-9B12-87D0F885EA1C}"
EndProject
Global
	GlobalSection(SolutionConfigurationPlatforms) = preSolution
		Debug|Any CPU = Debug|Any CPU
		Release|Any CPU = Release|Any CPU
	EndGlobalSection
	GlobalSection(ProjectConfigurationPlatforms) = postSolution
		{EDC4FA0A-6038-4BDF-9F2E-986F22D79EBB}.Debug|Any CPU.ActiveCfg = Debug|Any CPU
		{EDC4FA0A-6038-4BDF-9F2E-986F22D79EBB}.Debug|Any CPU.Build.0 = Debug|Any CPU
		{EDC4FA0A-6038-4BDF-9F2E-986F22D79EBB}.Release|Any CPU.ActiveCfg = Release|Any CPU
		{EDC4FA0A-6038-4BDF-9F2E-986F22D79EBB}.Release|Any CPU.Build.0 = Release|Any CPU
		{A3A7001F-2037-4491-8C4D-1CF6281EFA5E}.Debug|Any CPU.ActiveCfg = Debug|Any CPU
		{A3A7001F-2037-4491-8C4D-1CF6281EFA5E}.Debug|Any CPU.Build.0 = Debug|Any CPU
		{A3A7001F-2037-4491-8C4D-1CF6281EFA5E}.Release|Any CPU.ActiveCfg = Release|Any CPU
		{A3A7001F-2037-4491-8C4D-1CF6281EFA5E}.Release|Any CPU.Build.0 = Release|Any CPU
		{5F4CB44A-9718-4919-9F80-81D491F15771}.Debug|Any CPU.ActiveCfg = Debug|Any CPU
		{5F4CB44A-9718-4919-9F80-81D491F15771}.Debug|Any CPU.Build.0 = Debug|Any CPU
		{5F4CB44A-9718-4919-9F80-81D491F15771}.Release|Any CPU.ActiveCfg = Release|Any CPU
		{5F4CB44A-9718-4919-9F80-81D491F15771}.Release|Any CPU.Build.0 = Release|Any CPU
		{29DF6A3E-E0D5-43C1-9798-E80B92D40CDF}.Debug|Any CPU.ActiveCfg = Debug|Any CPU
		{29DF6A3E-E0D5-43C1-9798-E80B92D40CDF}.Debug|Any CPU.Build.0 = Debug|Any CPU
		{29DF6A3E-E0D5-43C1-9798-E80B92D40CDF}.Release|Any CPU.ActiveCfg = Release|Any CPU
		{29DF6A3E-E0D5-43C1-9798-E80B92D40CDF}.Release|Any CPU.Build.0 = Release|Any CPU
		{1A79B5BC-225A-456C-9178-DF23E59A96F2}.Debug|Any CPU.ActiveCfg = Debug|Any CPU
		{1A79B5BC-225A-456C-9178-DF23E59A96F2}.Debug|Any CPU.Build.0 = Debug|Any CPU
		{1A79B5BC-225A-456C-9178-DF23E59A96F2}.Release|Any CPU.ActiveCfg = Release|Any CPU
		{1A79B5BC-225A-456C-9178-DF23E59A96F2}.Release|Any CPU.Build.0 = Release|Any CPU
		{0F1E1BF4-AAA3-4E73-957E-BB8365F04DA1}.Debug|Any CPU.ActiveCfg = Debug|Any CPU
		{0F1E1BF4-AAA3-4E73-957E-BB8365F04DA1}.Debug|Any CPU.Build.0 = Debug|Any CPU
		{0F1E1BF4-AAA3-4E73-957E-BB8365F04DA1}.Release|Any CPU.ActiveCfg = Release|Any CPU
		{0F1E1BF4-AAA3-4E73-957E-BB8365F04DA1}.Release|Any CPU.Build.0 = Release|Any CPU
		{D543926C-96EA-4350-9889-BA9CB1A3FA6D}.Debug|Any CPU.ActiveCfg = Debug|Any CPU
		{D543926C-96EA-4350-9889-BA9CB1A3FA6D}.Debug|Any CPU.Build.0 = Debug|Any CPU
		{D543926C-96EA-4350-9889-BA9CB1A3FA6D}.Release|Any CPU.ActiveCfg = Release|Any CPU
		{D543926C-96EA-4350-9889-BA9CB1A3FA6D}.Release|Any CPU.Build.0 = Release|Any CPU
		{FF0015B1-595A-4B2A-9FB5-426C031603A0}.Debug|Any CPU.ActiveCfg = Debug|Any CPU
		{FF0015B1-595A-4B2A-9FB5-426C031603A0}.Debug|Any CPU.Build.0 = Debug|Any CPU
		{FF0015B1-595A-4B2A-9FB5-426C031603A0}.Release|Any CPU.ActiveCfg = Release|Any CPU
		{FF0015B1-595A-4B2A-9FB5-426C031603A0}.Release|Any CPU.Build.0 = Release|Any CPU
		{E5B010C9-787B-4E60-93A6-0A2426989938}.Debug|Any CPU.ActiveCfg = Debug|Any CPU
		{E5B010C9-787B-4E60-93A6-0A2426989938}.Debug|Any CPU.Build.0 = Debug|Any CPU
		{E5B010C9-787B-4E60-93A6-0A2426989938}.Release|Any CPU.ActiveCfg = Release|Any CPU
		{E5B010C9-787B-4E60-93A6-0A2426989938}.Release|Any CPU.Build.0 = Release|Any CPU
		{CCE29838-15B5-4238-BCC0-92115EFDB301}.Debug|Any CPU.ActiveCfg = Debug|Any CPU
		{CCE29838-15B5-4238-BCC0-92115EFDB301}.Debug|Any CPU.Build.0 = Debug|Any CPU
		{CCE29838-15B5-4238-BCC0-92115EFDB301}.Release|Any CPU.ActiveCfg = Release|Any CPU
		{CCE29838-15B5-4238-BCC0-92115EFDB301}.Release|Any CPU.Build.0 = Release|Any CPU
		{10DFEA43-66D0-416A-9B12-87D0F885EA1C}.Debug|Any CPU.ActiveCfg = Debug|Any CPU
		{10DFEA43-66D0-416A-9B12-87D0F885EA1C}.Debug|Any CPU.Build.0 = Debug|Any CPU
		{10DFEA43-66D0-416A-9B12-87D0F885EA1C}.Release|Any CPU.ActiveCfg = Release|Any CPU
		{10DFEA43-66D0-416A-9B12-87D0F885EA1C}.Release|Any CPU.Build.0 = Release|Any CPU
	EndGlobalSection
	GlobalSection(SolutionProperties) = preSolution
		HideSolutionNode = FALSE
	EndGlobalSection
	GlobalSection(ExtensibilityGlobals) = postSolution
		SolutionGuid = {A83EA144-7EE4-4D56-BFA4-99107C09FBF8}
	EndGlobalSection
EndGlobal
